
Microsoft Visual Studio Solution File, Format Version 12.00
# Visual Studio Version 16
VisualStudioVersion = 16.0.29230.47
MinimumVisualStudioVersion = 10.0.40219.1
Project("{9A19103F-16F7-4668-BE54-9A1E7A4F7556}") = "AgroXchange.WebApi", "AgroXchange.WebApi\AgroXchange.WebApi.csproj", "{C726FE79-0EAB-4C3D-B135-A0FFA754C497}"
EndProject
Project("{FAE04EC0-301F-11D3-BF4B-00C04F79EFBC}") = "AgroXchange.Data", "AgroXchange.Data\AgroXchange.Data.csproj", "{B2B9C5A1-C512-4173-9DC0-3FDB8C4E0EAF}"
EndProject
Global
	GlobalSection(SolutionConfigurationPlatforms) = preSolution
		Debug|Any CPU = Debug|Any CPU
		Release|Any CPU = Release|Any CPU
	EndGlobalSection
	GlobalSection(ProjectConfigurationPlatforms) = postSolution
		{C726FE79-0EAB-4C3D-B135-A0FFA754C497}.Debug|Any CPU.ActiveCfg = Debug|Any CPU
		{C726FE79-0EAB-4C3D-B135-A0FFA754C497}.Debug|Any CPU.Build.0 = Debug|Any CPU
		{C726FE79-0EAB-4C3D-B135-A0FFA754C497}.Release|Any CPU.ActiveCfg = Release|Any CPU
		{C726FE79-0EAB-4C3D-B135-A0FFA754C497}.Release|Any CPU.Build.0 = Release|Any CPU
		{B2B9C5A1-C512-4173-9DC0-3FDB8C4E0EAF}.Debug|Any CPU.ActiveCfg = Debug|Any CPU
		{B2B9C5A1-C512-4173-9DC0-3FDB8C4E0EAF}.Debug|Any CPU.Build.0 = Debug|Any CPU
		{B2B9C5A1-C512-4173-9DC0-3FDB8C4E0EAF}.Release|Any CPU.ActiveCfg = Release|Any CPU
		{B2B9C5A1-C512-4173-9DC0-3FDB8C4E0EAF}.Release|Any CPU.Build.0 = Release|Any CPU
	EndGlobalSection
	GlobalSection(SolutionProperties) = preSolution
		HideSolutionNode = FALSE
	EndGlobalSection
	GlobalSection(ExtensibilityGlobals) = postSolution
		SolutionGuid = {3D96C38A-C361-4BAE-AD91-B3CA22DB7377}
	EndGlobalSection
EndGlobal
